
Microsoft Visual Studio Solution File, Format Version 11.00
# Visual Studio 2010
Project("{FAE04EC0-301F-11D3-BF4B-00C04F79EFBC}") = "Dungeon Crawler Game", "Assembly-CSharp.csproj", "{A90F2916-9F85-0353-98C9-90B29496149A}"
EndProject
Project("{FAE04EC0-301F-11D3-BF4B-00C04F79EFBC}") = "Dungeon Crawler Game", "Assembly-CSharp-Editor.csproj", "{FD3EF81F-5C35-4844-B513-FB66BA9A45F9}"
EndProject
Global
	GlobalSection(SolutionConfigurationPlatforms) = preSolution
		Debug|Any CPU = Debug|Any CPU
		Release|Any CPU = Release|Any CPU
	EndGlobalSection
	GlobalSection(ProjectConfigurationPlatforms) = postSolution
		{A90F2916-9F85-0353-98C9-90B29496149A}.Debug|Any CPU.ActiveCfg = Debug|Any CPU
		{A90F2916-9F85-0353-98C9-90B29496149A}.Debug|Any CPU.Build.0 = Debug|Any CPU
		{A90F2916-9F85-0353-98C9-90B29496149A}.Release|Any CPU.ActiveCfg = Release|Any CPU
		{A90F2916-9F85-0353-98C9-90B29496149A}.Release|Any CPU.Build.0 = Release|Any CPU
		{FD3EF81F-5C35-4844-B513-FB66BA9A45F9}.Debug|Any CPU.ActiveCfg = Debug|Any CPU
		{FD3EF81F-5C35-4844-B513-FB66BA9A45F9}.Debug|Any CPU.Build.0 = Debug|Any CPU
		{FD3EF81F-5C35-4844-B513-FB66BA9A45F9}.Release|Any CPU.ActiveCfg = Release|Any CPU
		{FD3EF81F-5C35-4844-B513-FB66BA9A45F9}.Release|Any CPU.Build.0 = Release|Any CPU
	EndGlobalSection
	GlobalSection(SolutionProperties) = preSolution
		HideSolutionNode = FALSE
	EndGlobalSection
	GlobalSection(MonoDevelopProperties) = preSolution
		StartupItem = Assembly-CSharp.csproj
	EndGlobalSection
EndGlobal
